
Microsoft Visual Studio Solution File, Format Version 12.00
# Visual Studio Version 16
VisualStudioVersion = 16.0.29613.14
MinimumVisualStudioVersion = 10.0.40219.1
Project("{9A19103F-16F7-4668-BE54-9A1E7A4F7556}") = "SignatureGenerator", "SignatureGenerator\SignatureGenerator.csproj", "{95B8D7BE-C4B5-469F-BAB4-E4F5EDBED5C4}"
EndProject
Project("{9A19103F-16F7-4668-BE54-9A1E7A4F7556}") = "PasswordChecker", "PasswordChecker\PasswordChecker.csproj", "{EF77A00B-AF82-4753-B3A9-7DCB00CBDA65}"
EndProject
Project("{9A19103F-16F7-4668-BE54-9A1E7A4F7556}") = "SignatureGeneratorV", "046VideoBuild\SignatureGeneratorV.csproj", "{3A2EF5DF-F268-4818-8A57-45047E0F4069}"
EndProject
Project("{FAE04EC0-301F-11D3-BF4B-00C04F79EFBC}") = "TestBed", "TestBed\TestBed.csproj", "{BA3EF477-0E7B-4E59-BAF5-5C8B4F7D2475}"
EndProject
Global
	GlobalSection(SolutionConfigurationPlatforms) = preSolution
		Debug|Any CPU = Debug|Any CPU
		Release|Any CPU = Release|Any CPU
	EndGlobalSection
	GlobalSection(ProjectConfigurationPlatforms) = postSolution
		{95B8D7BE-C4B5-469F-BAB4-E4F5EDBED5C4}.Debug|Any CPU.ActiveCfg = Debug|Any CPU
		{95B8D7BE-C4B5-469F-BAB4-E4F5EDBED5C4}.Debug|Any CPU.Build.0 = Debug|Any CPU
		{95B8D7BE-C4B5-469F-BAB4-E4F5EDBED5C4}.Release|Any CPU.ActiveCfg = Release|Any CPU
		{95B8D7BE-C4B5-469F-BAB4-E4F5EDBED5C4}.Release|Any CPU.Build.0 = Release|Any CPU
		{EF77A00B-AF82-4753-B3A9-7DCB00CBDA65}.Debug|Any CPU.ActiveCfg = Debug|Any CPU
		{EF77A00B-AF82-4753-B3A9-7DCB00CBDA65}.Debug|Any CPU.Build.0 = Debug|Any CPU
		{EF77A00B-AF82-4753-B3A9-7DCB00CBDA65}.Release|Any CPU.ActiveCfg = Release|Any CPU
		{EF77A00B-AF82-4753-B3A9-7DCB00CBDA65}.Release|Any CPU.Build.0 = Release|Any CPU
		{3A2EF5DF-F268-4818-8A57-45047E0F4069}.Debug|Any CPU.ActiveCfg = Debug|Any CPU
		{3A2EF5DF-F268-4818-8A57-45047E0F4069}.Debug|Any CPU.Build.0 = Debug|Any CPU
		{3A2EF5DF-F268-4818-8A57-45047E0F4069}.Release|Any CPU.ActiveCfg = Release|Any CPU
		{3A2EF5DF-F268-4818-8A57-45047E0F4069}.Release|Any CPU.Build.0 = Release|Any CPU
		{BA3EF477-0E7B-4E59-BAF5-5C8B4F7D2475}.Debug|Any CPU.ActiveCfg = Debug|Any CPU
		{BA3EF477-0E7B-4E59-BAF5-5C8B4F7D2475}.Debug|Any CPU.Build.0 = Debug|Any CPU
		{BA3EF477-0E7B-4E59-BAF5-5C8B4F7D2475}.Release|Any CPU.ActiveCfg = Release|Any CPU
		{BA3EF477-0E7B-4E59-BAF5-5C8B4F7D2475}.Release|Any CPU.Build.0 = Release|Any CPU
	EndGlobalSection
	GlobalSection(SolutionProperties) = preSolution
		HideSolutionNode = FALSE
	EndGlobalSection
	GlobalSection(ExtensibilityGlobals) = postSolution
		SolutionGuid = {79B4AD8A-949B-4729-96B7-CACEC718CEA9}
	EndGlobalSection
EndGlobal
